
Microsoft Visual Studio Solution File, Format Version 12.00
# Visual Studio Version 16
VisualStudioVersion = 16.0.30011.22
MinimumVisualStudioVersion = 10.0.40219.1
Project("{9A19103F-16F7-4668-BE54-9A1E7A4F7556}") = "TaiChinh", "TaiChinh\TaiChinh.csproj", "{8904FA87-C108-42E5-9ECF-AD4C69C5D67A}"
EndProject
Project("{9A19103F-16F7-4668-BE54-9A1E7A4F7556}") = "TaiChinh.Core", "TaiChinh.Core\TaiChinh.Core.csproj", "{0D04EF34-131D-4C20-B058-D4D11B97773E}"
EndProject
Project("{9A19103F-16F7-4668-BE54-9A1E7A4F7556}") = "FinanceModule", "FinanceModule\FinanceModule.csproj", "{769F81CA-A6CB-4CE9-96D6-D9253BF65727}"
EndProject
Project("{FAE04EC0-301F-11D3-BF4B-00C04F79EFBC}") = "Infrastructure", "Infrastructure\Infrastructure.csproj", "{4E635057-33B9-4579-93DF-55B690053A08}"
EndProject
Project("{9A19103F-16F7-4668-BE54-9A1E7A4F7556}") = "Food.Core", "Food.Core\Food.Core.csproj", "{4B2A468E-7463-43A9-8F0A-BF0AFFC181EF}"
EndProject
Project("{9A19103F-16F7-4668-BE54-9A1E7A4F7556}") = "VegetableFruitModule", "VegetableFruitModule\VegetableFruitModule.csproj", "{A89E63A3-BF18-4380-A3CE-3694EBEECA8C}"
EndProject
Project("{2150E333-8FDC-42A3-9474-1A3956D46DE8}") = "Cores", "Cores", "{A8ED2207-A7A6-4697-A1BB-120419E0CB57}"
EndProject
Project("{2150E333-8FDC-42A3-9474-1A3956D46DE8}") = "Modules", "Modules", "{9B39930B-11CA-4CC3-A361-D36B78981B57}"
EndProject
Project("{9A19103F-16F7-4668-BE54-9A1E7A4F7556}") = "Data.Core", "Data.Core\Data.Core.csproj", "{45F2ACB0-29C3-4394-9298-B8F99B04787B}"
EndProject
Project("{9A19103F-16F7-4668-BE54-9A1E7A4F7556}") = "AccountModule", "AccountModule\AccountModule.csproj", "{952FB5FF-7BAB-42C4-95BC-338390D80B5A}"
EndProject
Project("{FAE04EC0-301F-11D3-BF4B-00C04F79EFBC}") = "Gold.Core", "Gold.Core\Gold.Core.csproj", "{78BB0A06-7A6E-4007-BFAB-1E6E02594923}"
EndProject
Project("{FAE04EC0-301F-11D3-BF4B-00C04F79EFBC}") = "GoldModule", "GoldModule\GoldModule.csproj", "{775AD7E6-5514-4EED-9317-F99D2978C71D}"
EndProject
Global
	GlobalSection(SolutionConfigurationPlatforms) = preSolution
		Debug|Any CPU = Debug|Any CPU
		Release|Any CPU = Release|Any CPU
	EndGlobalSection
	GlobalSection(ProjectConfigurationPlatforms) = postSolution
		{8904FA87-C108-42E5-9ECF-AD4C69C5D67A}.Debug|Any CPU.ActiveCfg = Debug|Any CPU
		{8904FA87-C108-42E5-9ECF-AD4C69C5D67A}.Debug|Any CPU.Build.0 = Debug|Any CPU
		{8904FA87-C108-42E5-9ECF-AD4C69C5D67A}.Release|Any CPU.ActiveCfg = Release|Any CPU
		{8904FA87-C108-42E5-9ECF-AD4C69C5D67A}.Release|Any CPU.Build.0 = Release|Any CPU
		{0D04EF34-131D-4C20-B058-D4D11B97773E}.Debug|Any CPU.ActiveCfg = Debug|Any CPU
		{0D04EF34-131D-4C20-B058-D4D11B97773E}.Debug|Any CPU.Build.0 = Debug|Any CPU
		{0D04EF34-131D-4C20-B058-D4D11B97773E}.Release|Any CPU.ActiveCfg = Release|Any CPU
		{0D04EF34-131D-4C20-B058-D4D11B97773E}.Release|Any CPU.Build.0 = Release|Any CPU
		{769F81CA-A6CB-4CE9-96D6-D9253BF65727}.Debug|Any CPU.ActiveCfg = Debug|Any CPU
		{769F81CA-A6CB-4CE9-96D6-D9253BF65727}.Debug|Any CPU.Build.0 = Debug|Any CPU
		{769F81CA-A6CB-4CE9-96D6-D9253BF65727}.Release|Any CPU.ActiveCfg = Release|Any CPU
		{769F81CA-A6CB-4CE9-96D6-D9253BF65727}.Release|Any CPU.Build.0 = Release|Any CPU
		{4E635057-33B9-4579-93DF-55B690053A08}.Debug|Any CPU.ActiveCfg = Debug|Any CPU
		{4E635057-33B9-4579-93DF-55B690053A08}.Debug|Any CPU.Build.0 = Debug|Any CPU
		{4E635057-33B9-4579-93DF-55B690053A08}.Release|Any CPU.ActiveCfg = Release|Any CPU
		{4E635057-33B9-4579-93DF-55B690053A08}.Release|Any CPU.Build.0 = Release|Any CPU
		{4B2A468E-7463-43A9-8F0A-BF0AFFC181EF}.Debug|Any CPU.ActiveCfg = Debug|Any CPU
		{4B2A468E-7463-43A9-8F0A-BF0AFFC181EF}.Debug|Any CPU.Build.0 = Debug|Any CPU
		{4B2A468E-7463-43A9-8F0A-BF0AFFC181EF}.Release|Any CPU.ActiveCfg = Release|Any CPU
		{4B2A468E-7463-43A9-8F0A-BF0AFFC181EF}.Release|Any CPU.Build.0 = Release|Any CPU
		{A89E63A3-BF18-4380-A3CE-3694EBEECA8C}.Debug|Any CPU.ActiveCfg = Debug|Any CPU
		{A89E63A3-BF18-4380-A3CE-3694EBEECA8C}.Debug|Any CPU.Build.0 = Debug|Any CPU
		{A89E63A3-BF18-4380-A3CE-3694EBEECA8C}.Release|Any CPU.ActiveCfg = Release|Any CPU
		{A89E63A3-BF18-4380-A3CE-3694EBEECA8C}.Release|Any CPU.Build.0 = Release|Any CPU
		{45F2ACB0-29C3-4394-9298-B8F99B04787B}.Debug|Any CPU.ActiveCfg = Debug|Any CPU
		{45F2ACB0-29C3-4394-9298-B8F99B04787B}.Debug|Any CPU.Build.0 = Debug|Any CPU
		{45F2ACB0-29C3-4394-9298-B8F99B04787B}.Release|Any CPU.ActiveCfg = Release|Any CPU
		{45F2ACB0-29C3-4394-9298-B8F99B04787B}.Release|Any CPU.Build.0 = Release|Any CPU
		{952FB5FF-7BAB-42C4-95BC-338390D80B5A}.Debug|Any CPU.ActiveCfg = Debug|Any CPU
		{952FB5FF-7BAB-42C4-95BC-338390D80B5A}.Debug|Any CPU.Build.0 = Debug|Any CPU
		{952FB5FF-7BAB-42C4-95BC-338390D80B5A}.Release|Any CPU.ActiveCfg = Release|Any CPU
		{952FB5FF-7BAB-42C4-95BC-338390D80B5A}.Release|Any CPU.Build.0 = Release|Any CPU
		{78BB0A06-7A6E-4007-BFAB-1E6E02594923}.Debug|Any CPU.ActiveCfg = Debug|Any CPU
		{78BB0A06-7A6E-4007-BFAB-1E6E02594923}.Debug|Any CPU.Build.0 = Debug|Any CPU
		{78BB0A06-7A6E-4007-BFAB-1E6E02594923}.Release|Any CPU.ActiveCfg = Release|Any CPU
		{78BB0A06-7A6E-4007-BFAB-1E6E02594923}.Release|Any CPU.Build.0 = Release|Any CPU
		{775AD7E6-5514-4EED-9317-F99D2978C71D}.Debug|Any CPU.ActiveCfg = Debug|Any CPU
		{775AD7E6-5514-4EED-9317-F99D2978C71D}.Debug|Any CPU.Build.0 = Debug|Any CPU
		{775AD7E6-5514-4EED-9317-F99D2978C71D}.Release|Any CPU.ActiveCfg = Release|Any CPU
		{775AD7E6-5514-4EED-9317-F99D2978C71D}.Release|Any CPU.Build.0 = Release|Any CPU
	EndGlobalSection
	GlobalSection(SolutionProperties) = preSolution
		HideSolutionNode = FALSE
	EndGlobalSection
	GlobalSection(NestedProjects) = preSolution
		{0D04EF34-131D-4C20-B058-D4D11B97773E} = {A8ED2207-A7A6-4697-A1BB-120419E0CB57}
		{769F81CA-A6CB-4CE9-96D6-D9253BF65727} = {9B39930B-11CA-4CC3-A361-D36B78981B57}
		{4B2A468E-7463-43A9-8F0A-BF0AFFC181EF} = {A8ED2207-A7A6-4697-A1BB-120419E0CB57}
		{A89E63A3-BF18-4380-A3CE-3694EBEECA8C} = {9B39930B-11CA-4CC3-A361-D36B78981B57}
		{45F2ACB0-29C3-4394-9298-B8F99B04787B} = {A8ED2207-A7A6-4697-A1BB-120419E0CB57}
		{952FB5FF-7BAB-42C4-95BC-338390D80B5A} = {9B39930B-11CA-4CC3-A361-D36B78981B57}
		{78BB0A06-7A6E-4007-BFAB-1E6E02594923} = {A8ED2207-A7A6-4697-A1BB-120419E0CB57}
		{775AD7E6-5514-4EED-9317-F99D2978C71D} = {9B39930B-11CA-4CC3-A361-D36B78981B57}
	EndGlobalSection
	GlobalSection(ExtensibilityGlobals) = postSolution
		SolutionGuid = {E0EF9BBC-DB34-4C26-BAC7-6C002D7DDA34}
	EndGlobalSection
EndGlobal
