
Microsoft Visual Studio Solution File, Format Version 12.00
# Visual Studio Version 16
VisualStudioVersion = 16.0.30011.22
MinimumVisualStudioVersion = 10.0.40219.1
Project("{FAE04EC0-301F-11D3-BF4B-00C04F79EFBC}") = "TaiChinh", "TaiChinh\TaiChinh.csproj", "{8904FA87-C108-42E5-9ECF-AD4C69C5D67A}"
EndProject
Project("{FAE04EC0-301F-11D3-BF4B-00C04F79EFBC}") = "TaiChinh.Core", "TaiChinh.Core\TaiChinh.Core.csproj", "{0D04EF34-131D-4C20-B058-D4D11B97773E}"
EndProject
Global
	GlobalSection(SolutionConfigurationPlatforms) = preSolution
		Debug|Any CPU = Debug|Any CPU
		Release|Any CPU = Release|Any CPU
	EndGlobalSection
	GlobalSection(ProjectConfigurationPlatforms) = postSolution
		{8904FA87-C108-42E5-9ECF-AD4C69C5D67A}.Debug|Any CPU.ActiveCfg = Debug|Any CPU
		{8904FA87-C108-42E5-9ECF-AD4C69C5D67A}.Debug|Any CPU.Build.0 = Debug|Any CPU
		{8904FA87-C108-42E5-9ECF-AD4C69C5D67A}.Release|Any CPU.ActiveCfg = Release|Any CPU
		{8904FA87-C108-42E5-9ECF-AD4C69C5D67A}.Release|Any CPU.Build.0 = Release|Any CPU
		{0D04EF34-131D-4C20-B058-D4D11B97773E}.Debug|Any CPU.ActiveCfg = Debug|Any CPU
		{0D04EF34-131D-4C20-B058-D4D11B97773E}.Debug|Any CPU.Build.0 = Debug|Any CPU
		{0D04EF34-131D-4C20-B058-D4D11B97773E}.Release|Any CPU.ActiveCfg = Release|Any CPU
		{0D04EF34-131D-4C20-B058-D4D11B97773E}.Release|Any CPU.Build.0 = Release|Any CPU
	EndGlobalSection
	GlobalSection(SolutionProperties) = preSolution
		HideSolutionNode = FALSE
	EndGlobalSection
	GlobalSection(ExtensibilityGlobals) = postSolution
		SolutionGuid = {E0EF9BBC-DB34-4C26-BAC7-6C002D7DDA34}
	EndGlobalSection
EndGlobal
